Microsoft Visual Studio Solution File, Format Version 12.00
# Visual Studio Version 17
VisualStudioVersion = 17.0.31611.283
MinimumVisualStudioVersion = 10.0.40219.1
Project("{9A19103F-16F7-4668-BE54-9A1E7A4F7556}") = "LCPMaui", "LCPMaui.csproj", "{A24D7363-21C2-49F6-A0CD-7BC802CF5424}"
EndProject
Project("{9A19103F-16F7-4668-BE54-9A1E7A4F7556}") = "LCPMauiWebApi", "..\LCPMauiWebApi\LCPMauiWebApi.csproj", "{655B9512-7430-4AF8-9C19-7BFA81F94E5C}"
EndProject
Project("{9A19103F-16F7-4668-BE54-9A1E7A4F7556}") = "LCPTestAuthSocial.Server", "..\LCPTestAuthSocial\Server\LCPTestAuthSocial.Server.csproj", "{FDF00836-6F81-4125-AEC8-51808E7ECDDF}"
EndProject
Project("{9A19103F-16F7-4668-BE54-9A1E7A4F7556}") = "LCPTestAuthSocial.Client", "..\LCPTestAuthSocial\Client\LCPTestAuthSocial.Client.csproj", "{B7002513-7B1B-4F74-B122-F827B402E669}"
EndProject
Project("{9A19103F-16F7-4668-BE54-9A1E7A4F7556}") = "LCPTestAuthSocial.Shared", "..\LCPTestAuthSocial\Shared\LCPTestAuthSocial.Shared.csproj", "{C7DEE404-54F9-4F52-B71F-1E4613F85FAC}"
EndProject
Global
	GlobalSection(SolutionConfigurationPlatforms) = preSolution
		Debug|Any CPU = Debug|Any CPU
		Debug|x64 = Debug|x64
		Release|Any CPU = Release|Any CPU
		Release|x64 = Release|x64
	EndGlobalSection
	GlobalSection(ProjectConfigurationPlatforms) = postSolution
		{A24D7363-21C2-49F6-A0CD-7BC802CF5424}.Debug|Any CPU.ActiveCfg = Debug|Any CPU
		{A24D7363-21C2-49F6-A0CD-7BC802CF5424}.Debug|Any CPU.Build.0 = Debug|Any CPU
		{A24D7363-21C2-49F6-A0CD-7BC802CF5424}.Debug|Any CPU.Deploy.0 = Debug|Any CPU
		{A24D7363-21C2-49F6-A0CD-7BC802CF5424}.Debug|x64.ActiveCfg = Debug|Any CPU
		{A24D7363-21C2-49F6-A0CD-7BC802CF5424}.Debug|x64.Build.0 = Debug|Any CPU
		{A24D7363-21C2-49F6-A0CD-7BC802CF5424}.Debug|x64.Deploy.0 = Debug|Any CPU
		{A24D7363-21C2-49F6-A0CD-7BC802CF5424}.Release|Any CPU.ActiveCfg = Release|Any CPU
		{A24D7363-21C2-49F6-A0CD-7BC802CF5424}.Release|Any CPU.Build.0 = Release|Any CPU
		{A24D7363-21C2-49F6-A0CD-7BC802CF5424}.Release|Any CPU.Deploy.0 = Release|Any CPU
		{A24D7363-21C2-49F6-A0CD-7BC802CF5424}.Release|x64.ActiveCfg = Release|Any CPU
		{A24D7363-21C2-49F6-A0CD-7BC802CF5424}.Release|x64.Build.0 = Release|Any CPU
		{A24D7363-21C2-49F6-A0CD-7BC802CF5424}.Release|x64.Deploy.0 = Release|Any CPU
		{655B9512-7430-4AF8-9C19-7BFA81F94E5C}.Debug|Any CPU.ActiveCfg = Debug|Any CPU
		{655B9512-7430-4AF8-9C19-7BFA81F94E5C}.Debug|Any CPU.Build.0 = Debug|Any CPU
		{655B9512-7430-4AF8-9C19-7BFA81F94E5C}.Debug|x64.ActiveCfg = Debug|x64
		{655B9512-7430-4AF8-9C19-7BFA81F94E5C}.Debug|x64.Build.0 = Debug|x64
		{655B9512-7430-4AF8-9C19-7BFA81F94E5C}.Release|Any CPU.ActiveCfg = Release|Any CPU
		{655B9512-7430-4AF8-9C19-7BFA81F94E5C}.Release|Any CPU.Build.0 = Release|Any CPU
		{655B9512-7430-4AF8-9C19-7BFA81F94E5C}.Release|x64.ActiveCfg = Release|x64
		{655B9512-7430-4AF8-9C19-7BFA81F94E5C}.Release|x64.Build.0 = Release|x64
		{FDF00836-6F81-4125-AEC8-51808E7ECDDF}.Debug|Any CPU.ActiveCfg = Debug|Any CPU
		{FDF00836-6F81-4125-AEC8-51808E7ECDDF}.Debug|Any CPU.Build.0 = Debug|Any CPU
		{FDF00836-6F81-4125-AEC8-51808E7ECDDF}.Debug|x64.ActiveCfg = Debug|Any CPU
		{FDF00836-6F81-4125-AEC8-51808E7ECDDF}.Debug|x64.Build.0 = Debug|Any CPU
		{FDF00836-6F81-4125-AEC8-51808E7ECDDF}.Release|Any CPU.ActiveCfg = Release|Any CPU
		{FDF00836-6F81-4125-AEC8-51808E7ECDDF}.Release|Any CPU.Build.0 = Release|Any CPU
		{FDF00836-6F81-4125-AEC8-51808E7ECDDF}.Release|x64.ActiveCfg = Release|Any CPU
		{FDF00836-6F81-4125-AEC8-51808E7ECDDF}.Release|x64.Build.0 = Release|Any CPU
		{B7002513-7B1B-4F74-B122-F827B402E669}.Debug|Any CPU.ActiveCfg = Debug|Any CPU
		{B7002513-7B1B-4F74-B122-F827B402E669}.Debug|Any CPU.Build.0 = Debug|Any CPU
		{B7002513-7B1B-4F74-B122-F827B402E669}.Debug|x64.ActiveCfg = Debug|Any CPU
		{B7002513-7B1B-4F74-B122-F827B402E669}.Debug|x64.Build.0 = Debug|Any CPU
		{B7002513-7B1B-4F74-B122-F827B402E669}.Release|Any CPU.ActiveCfg = Release|Any CPU
		{B7002513-7B1B-4F74-B122-F827B402E669}.Release|Any CPU.Build.0 = Release|Any CPU
		{B7002513-7B1B-4F74-B122-F827B402E669}.Release|x64.ActiveCfg = Release|Any CPU
		{B7002513-7B1B-4F74-B122-F827B402E669}.Release|x64.Build.0 = Release|Any CPU
		{C7DEE404-54F9-4F52-B71F-1E4613F85FAC}.Debug|Any CPU.ActiveCfg = Debug|Any CPU
		{C7DEE404-54F9-4F52-B71F-1E4613F85FAC}.Debug|Any CPU.Build.0 = Debug|Any CPU
		{C7DEE404-54F9-4F52-B71F-1E4613F85FAC}.Debug|x64.ActiveCfg = Debug|Any CPU
		{C7DEE404-54F9-4F52-B71F-1E4613F85FAC}.Debug|x64.Build.0 = Debug|Any CPU
		{C7DEE404-54F9-4F52-B71F-1E4613F85FAC}.Release|Any CPU.ActiveCfg = Release|Any CPU
		{C7DEE404-54F9-4F52-B71F-1E4613F85FAC}.Release|Any CPU.Build.0 = Release|Any CPU
		{C7DEE404-54F9-4F52-B71F-1E4613F85FAC}.Release|x64.ActiveCfg = Release|Any CPU
		{C7DEE404-54F9-4F52-B71F-1E4613F85FAC}.Release|x64.Build.0 = Release|Any CPU
	EndGlobalSection
	GlobalSection(SolutionProperties) = preSolution
		HideSolutionNode = FALSE
	EndGlobalSection
	GlobalSection(ExtensibilityGlobals) = postSolution
		SolutionGuid = {87F84E3F-434F-4FBE-B1AD-5856F442939A}
		        SolutionGuid = {61F7FB11-1E47-470C-91E2-47F8143E1572}
	EndGlobalSection
EndGlobal
